// !$*UTF8*$!
{
	archiveVersion = 1;
	classes = {
	};
	objectVersion = 46;
	objects = {

/* Begin PBXBuildFile section */
		CE7F36F3426941BC33EA7138 /* Pods_Task.framework in Frameworks */ = {isa = PBXBuildFile; fileRef = F6313CF92E9B05AACC742336 /* Pods_Task.framework */; };
		EBA8F25C1CCF866B00BD7574 /* AppDelegate.swift in Sources */ = {isa = PBXBuildFile; fileRef = EBA8F25B1CCF866B00BD7574 /* AppDelegate.swift */; };
		EBA8F2611CCF866B00BD7574 /* Main.storyboard in Resources */ = {isa = PBXBuildFile; fileRef = EBA8F25F1CCF866B00BD7574 /* Main.storyboard */; };
		EBA8F2641CCF866B00BD7574 /* Task.xcdatamodeld in Sources */ = {isa = PBXBuildFile; fileRef = EBA8F2621CCF866B00BD7574 /* Task.xcdatamodeld */; };
		EBA8F2661CCF866B00BD7574 /* Assets.xcassets in Resources */ = {isa = PBXBuildFile; fileRef = EBA8F2651CCF866B00BD7574 /* Assets.xcassets */; };
		EBA8F2691CCF866B00BD7574 /* LaunchScreen.storyboard in Resources */ = {isa = PBXBuildFile; fileRef = EBA8F2671CCF866B00BD7574 /* LaunchScreen.storyboard */; };
		EBA8F2741CCF86CE00BD7574 /* RootTableVC.swift in Sources */ = {isa = PBXBuildFile; fileRef = EBA8F2731CCF86CE00BD7574 /* RootTableVC.swift */; };
		EBA8F2771CCF8A9B00BD7574 /* Task.swift in Sources */ = {isa = PBXBuildFile; fileRef = EBA8F2761CCF8A9B00BD7574 /* Task.swift */; };
		EBA8F27B1CCF8CBA00BD7574 /* Cell.swift in Sources */ = {isa = PBXBuildFile; fileRef = EBA8F27A1CCF8CBA00BD7574 /* Cell.swift */; };
		EBA8F27D1CCFA15900BD7574 /* TaskDetailVC.swift in Sources */ = {isa = PBXBuildFile; fileRef = EBA8F27C1CCFA15900BD7574 /* TaskDetailVC.swift */; };
		EBA93F621CD1F3C300C66FF7 /* Data.swift in Sources */ = {isa = PBXBuildFile; fileRef = EBA93F611CD1F3C300C66FF7 /* Data.swift */; };
/* End PBXBuildFile section */

/* Begin PBXFileReference section */
		70A19E24D53378F686A31DB2 /* Pods-Task.debug.xcconfig */ = {isa = PBXFileReference; includeInIndex = 1; lastKnownFileType = text.xcconfig; name = "Pods-Task.debug.xcconfig"; path = "Pods/Target Support Files/Pods-Task/Pods-Task.debug.xcconfig"; sourceTree = "<group>"; };
		C2B71BC7F93844A30354E5B8 /* Pods-Task.release.xcconfig */ = {isa = PBXFileReference; includeInIndex = 1; lastKnownFileType = text.xcconfig; name = "Pods-Task.release.xcconfig"; path = "Pods/Target Support Files/Pods-Task/Pods-Task.release.xcconfig"; sourceTree = "<group>"; };
		EBA8F2581CCF866B00BD7574 /* Task.app */ = {isa = PBXFileReference; explicitFileType = wrapper.application; includeInIndex = 0; path = Task.app; sourceTree = BUILT_PRODUCTS_DIR; };
		EBA8F25B1CCF866B00BD7574 /* AppDelegate.swift */ = {isa = PBXFileReference; lastKnownFileType = sourcecode.swift; path = AppDelegate.swift; sourceTree = "<group>"; };
		EBA8F2601CCF866B00BD7574 /* Base */ = {isa = PBXFileReference; lastKnownFileType = file.storyboard; name = Base; path = Base.lproj/Main.storyboard; sourceTree = "<group>"; };
		EBA8F2631CCF866B00BD7574 /* Task.xcdatamodel */ = {isa = PBXFileReference; lastKnownFileType = wrapper.xcdatamodel; path = Task.xcdatamodel; sourceTree = "<group>"; };
		EBA8F2651CCF866B00BD7574 /* Assets.xcassets */ = {isa = PBXFileReference; lastKnownFileType = folder.assetcatalog; path = Assets.xcassets; sourceTree = "<group>"; };
		EBA8F2681CCF866B00BD7574 /* Base */ = {isa = PBXFileReference; lastKnownFileType = file.storyboard; name = Base; path = Base.lproj/LaunchScreen.storyboard; sourceTree = "<group>"; };
		EBA8F26A1CCF866B00BD7574 /* Info.plist */ = {isa = PBXFileReference; lastKnownFileType = text.plist.xml; path = Info.plist; sourceTree = "<group>"; };
		EBA8F2731CCF86CE00BD7574 /* RootTableVC.swift */ = {isa = PBXFileReference; fileEncoding = 4; lastKnownFileType = sourcecode.swift; path = RootTableVC.swift; sourceTree = "<group>"; };
		EBA8F2761CCF8A9B00BD7574 /* Task.swift */ = {isa = PBXFileReference; fileEncoding = 4; lastKnownFileType = sourcecode.swift; path = Task.swift; sourceTree = "<group>"; };
		EBA8F27A1CCF8CBA00BD7574 /* Cell.swift */ = {isa = PBXFileReference; fileEncoding = 4; lastKnownFileType = sourcecode.swift; path = Cell.swift; sourceTree = "<group>"; };
		EBA8F27C1CCFA15900BD7574 /* TaskDetailVC.swift */ = {isa = PBXFileReference; fileEncoding = 4; lastKnownFileType = sourcecode.swift; path = TaskDetailVC.swift; sourceTree = "<group>"; };
		EBA93F611CD1F3C300C66FF7 /* Data.swift */ = {isa = PBXFileReference; fileEncoding = 4; lastKnownFileType = sourcecode.swift; path = Data.swift; sourceTree = "<group>"; };
		F6313CF92E9B05AACC742336 /* Pods_Task.framework */ = {isa = PBXFileReference; explicitFileType = wrapper.framework; includeInIndex = 0; path = Pods_Task.framework; sourceTree = BUILT_PRODUCTS_DIR; };
/* End PBXFileReference section */

/* Begin PBXFrameworksBuildPhase section */
		EBA8F2551CCF866B00BD7574 /* Frameworks */ = {
			isa = PBXFrameworksBuildPhase;
			buildActionMask = 2147483647;
			files = (
				CE7F36F3426941BC33EA7138 /* Pods_Task.framework in Frameworks */,
			);
			runOnlyForDeploymentPostprocessing = 0;
		};
/* End PBXFrameworksBuildPhase section */

/* Begin PBXGroup section */
		0DC9B3CC270E25550BB5E34B /* Frameworks */ = {
			isa = PBXGroup;
			children = (
				F6313CF92E9B05AACC742336 /* Pods_Task.framework */,
			);
			name = Frameworks;
			sourceTree = "<group>";
		};
		1F4E37CFFD5A277D3F766273 /* Pods */ = {
			isa = PBXGroup;
			children = (
				70A19E24D53378F686A31DB2 /* Pods-Task.debug.xcconfig */,
				C2B71BC7F93844A30354E5B8 /* Pods-Task.release.xcconfig */,
			);
			name = Pods;
			sourceTree = "<group>";
		};
		EBA8F24F1CCF866B00BD7574 = {
			isa = PBXGroup;
			children = (
				EBA8F25A1CCF866B00BD7574 /* Task */,
				EBA8F2591CCF866B00BD7574 /* Products */,
				1F4E37CFFD5A277D3F766273 /* Pods */,
				0DC9B3CC270E25550BB5E34B /* Frameworks */,
			);
			sourceTree = "<group>";
		};
		EBA8F2591CCF866B00BD7574 /* Products */ = {
			isa = PBXGroup;
			children = (
				EBA8F2581CCF866B00BD7574 /* Task.app */,
			);
			name = Products;
			sourceTree = "<group>";
		};
		EBA8F25A1CCF866B00BD7574 /* Task */ = {
			isa = PBXGroup;
			children = (
				EBA93F601CD1F3AD00C66FF7 /* Resources */,
				EBA8F2751CCF8A8F00BD7574 /* Model */,
				EBA8F2721CCF86A800BD7574 /* Controller */,
				EBA8F25B1CCF866B00BD7574 /* AppDelegate.swift */,
				EBA8F25F1CCF866B00BD7574 /* Main.storyboard */,
				EBA8F2651CCF866B00BD7574 /* Assets.xcassets */,
				EBA8F2671CCF866B00BD7574 /* LaunchScreen.storyboard */,
				EBA8F26A1CCF866B00BD7574 /* Info.plist */,
				EBA8F2621CCF866B00BD7574 /* Task.xcdatamodeld */,
			);
			path = Task;
			sourceTree = "<group>";
		};
		EBA8F2721CCF86A800BD7574 /* Controller */ = {
			isa = PBXGroup;
			children = (
				EBA8F2731CCF86CE00BD7574 /* RootTableVC.swift */,
				EBA8F27C1CCFA15900BD7574 /* TaskDetailVC.swift */,
			);
			name = Controller;
			sourceTree = "<group>";
		};
		EBA8F2751CCF8A8F00BD7574 /* Model */ = {
			isa = PBXGroup;
			children = (
				EBA8F2761CCF8A9B00BD7574 /* Task.swift */,
				EBA8F27A1CCF8CBA00BD7574 /* Cell.swift */,
			);
			name = Model;
			sourceTree = "<group>";
		};
		EBA93F601CD1F3AD00C66FF7 /* Resources */ = {
			isa = PBXGroup;
			children = (
				EBA93F611CD1F3C300C66FF7 /* Data.swift */,
			);
			name = Resources;
			sourceTree = "<group>";
		};
/* End PBXGroup section */

/* Begin PBXNativeTarget section */
		EBA8F2571CCF866B00BD7574 /* Task */ = {
			isa = PBXNativeTarget;
			buildConfigurationList = EBA8F26D1CCF866B00BD7574 /* Build configuration list for PBXNativeTarget "Task" */;
			buildPhases = (
				E4E051DFF734D10370D9FD1B /* Check Pods Manifest.lock */,
				EBA8F2541CCF866B00BD7574 /* Sources */,
				EBA8F2551CCF866B00BD7574 /* Frameworks */,
				EBA8F2561CCF866B00BD7574 /* Resources */,
				53AD1DFCA4EEA37709C87E17 /* Embed Pods Frameworks */,
				3F14C76D857B6CB7E66C7808 /* Copy Pods Resources */,
			);
			buildRules = (
			);
			dependencies = (
			);
			name = Task;
			productName = Task;
			productReference = EBA8F2581CCF866B00BD7574 /* Task.app */;
			productType = "com.apple.product-type.application";
		};
/* End PBXNativeTarget section */

/* Begin PBXProject section */
		EBA8F2501CCF866B00BD7574 /* Project object */ = {
			isa = PBXProject;
			attributes = {
				LastSwiftUpdateCheck = 0730;
				LastUpgradeCheck = 0730;
				ORGANIZATIONNAME = "Parhelion Software";
				TargetAttributes = {
					EBA8F2571CCF866B00BD7574 = {
						CreatedOnToolsVersion = 7.3;
					};
				};
			};
			buildConfigurationList = EBA8F2531CCF866B00BD7574 /* Build configuration list for PBXProject "Task" */;
			compatibilityVersion = "Xcode 3.2";
			developmentRegion = English;
			hasScannedForEncodings = 0;
			knownRegions = (
				en,
				Base,
			);
			mainGroup = EBA8F24F1CCF866B00BD7574;
			productRefGroup = EBA8F2591CCF866B00BD7574 /* Products */;
			projectDirPath = "";
			projectRoot = "";
			targets = (
				EBA8F2571CCF866B00BD7574 /* Task */,
			);
		};
/* End PBXProject section */

/* Begin PBXResourcesBuildPhase section */
		EBA8F2561CCF866B00BD7574 /* Resources */ = {
			isa = PBXResourcesBuildPhase;
			buildActionMask = 2147483647;
			files = (
				EBA8F2691CCF866B00BD7574 /* LaunchScreen.storyboard in Resources */,
				EBA8F2661CCF866B00BD7574 /* Assets.xcassets in Resources */,
				EBA8F2611CCF866B00BD7574 /* Main.storyboard in Resources */,
			);
			runOnlyForDeploymentPostprocessing = 0;
		};
/* End PBXResourcesBuildPhase section */

/* Begin PBXShellScriptBuildPhase section */
		3F14C76D857B6CB7E66C7808 /* Copy Pods Resources */ = {
			isa = PBXShellScriptBuildPhase;
			buildActionMask = 2147483647;
			files = (
			);
			inputPaths = (
			);
			name = "Copy Pods Resources";
			outputPaths = (
			);
			runOnlyForDeploymentPostprocessing = 0;
			shellPath = /bin/sh;
			shellScript = "\"${SRCROOT}/Pods/Target Support Files/Pods-Task/Pods-Task-resources.sh\"\n";
			showEnvVarsInLog = 0;
		};
		53AD1DFCA4EEA37709C87E17 /* Embed Pods Frameworks */ = {
			isa = PBXShellScriptBuildPhase;
			buildActionMask = 2147483647;
			files = (
			);
			inputPaths = (
			);
			name = "Embed Pods Frameworks";
			outputPaths = (
			);
			runOnlyForDeploymentPostprocessing = 0;
			shellPath = /bin/sh;
			shellScript = "\"${SRCROOT}/Pods/Target Support Files/Pods-Task/Pods-Task-frameworks.sh\"\n";
			showEnvVarsInLog = 0;
		};
		E4E051DFF734D10370D9FD1B /* Check Pods Manifest.lock */ = {
			isa = PBXShellScriptBuildPhase;
			buildActionMask = 2147483647;
			files = (
			);
			inputPaths = (
			);
			name = "Check Pods Manifest.lock";
			outputPaths = (
			);
			runOnlyForDeploymentPostprocessing = 0;
			shellPath = /bin/sh;
			shellScript = "diff \"${PODS_ROOT}/../Podfile.lock\" \"${PODS_ROOT}/Manifest.lock\" > /dev/null\nif [[ $? != 0 ]] ; then\n    cat << EOM\nerror: The sandbox is not in sync with the Podfile.lock. Run 'pod install' or update your CocoaPods installation.\nEOM\n    exit 1\nfi\n";
			showEnvVarsInLog = 0;
		};
/* End PBXShellScriptBuildPhase section */

/* Begin PBXSourcesBuildPhase section */
		EBA8F2541CCF866B00BD7574 /* Sources */ = {
			isa = PBXSourcesBuildPhase;
			buildActionMask = 2147483647;
			files = (
				EBA93F621CD1F3C300C66FF7 /* Data.swift in Sources */,
				EBA8F2641CCF866B00BD7574 /* Task.xcdatamodeld in Sources */,
				EBA8F2741CCF86CE00BD7574 /* RootTableVC.swift in Sources */,
				EBA8F27D1CCFA15900BD7574 /* TaskDetailVC.swift in Sources */,
				EBA8F2771CCF8A9B00BD7574 /* Task.swift in Sources */,
				EBA8F25C1CCF866B00BD7574 /* AppDelegate.swift in Sources */,
				EBA8F27B1CCF8CBA00BD7574 /* Cell.swift in Sources */,
			);
			runOnlyForDeploymentPostprocessing = 0;
		};
/* End PBXSourcesBuildPhase section */

/* Begin PBXVariantGroup section */
		EBA8F25F1CCF866B00BD7574 /* Main.storyboard */ = {
			isa = PBXVariantGroup;
			children = (
				EBA8F2601CCF866B00BD7574 /* Base */,
			);
			name = Main.storyboard;
			sourceTree = "<group>";
		};
		EBA8F2671CCF866B00BD7574 /* LaunchScreen.storyboard */ = {
			isa = PBXVariantGroup;
			children = (
				EBA8F2681CCF866B00BD7574 /* Base */,
			);
			name = LaunchScreen.storyboard;
			sourceTree = "<group>";
		};
/* End PBXVariantGroup section */

/* Begin XCBuildConfiguration section */
		EBA8F26B1CCF866B00BD7574 /* Debug */ = {
			isa = XCBuildConfiguration;
			buildSettings = {
				ALWAYS_SEARCH_USER_PATHS = NO;
				CLANG_ANALYZER_NONNULL = YES;
				CLANG_CXX_LANGUAGE_STANDARD = "gnu++0x";
				CLANG_CXX_LIBRARY = "libc++";
				CLANG_ENABLE_MODULES = YES;
				CLANG_ENABLE_OBJC_ARC = YES;
				CLANG_WARN_BOOL_CONVERSION = YES;
				CLANG_WARN_CONSTANT_CONVERSION = YES;
				CLANG_WARN_DIRECT_OBJC_ISA_USAGE = YES_ERROR;
				CLANG_WARN_EMPTY_BODY = YES;
				CLANG_WARN_ENUM_CONVERSION = YES;
				CLANG_WARN_INT_CONVERSION = YES;
				CLANG_WARN_OBJC_ROOT_CLASS = YES_ERROR;
				CLANG_WARN_UNREACHABLE_CODE = YES;
				CLANG_WARN__DUPLICATE_METHOD_MATCH = YES;
				"CODE_SIGN_IDENTITY[sdk=iphoneos*]" = "iPhone Developer";
				COPY_PHASE_STRIP = NO;
				DEBUG_INFORMATION_FORMAT = dwarf;
				ENABLE_STRICT_OBJC_MSGSEND = YES;
				ENABLE_TESTABILITY = YES;
				GCC_C_LANGUAGE_STANDARD = gnu99;
				GCC_DYNAMIC_NO_PIC = NO;
				GCC_NO_COMMON_BLOCKS = YES;
				GCC_OPTIMIZATION_LEVEL = 0;
				GCC_PREPROCESSOR_DEFINITIONS = (
					"DEBUG=1",
					"$(inherited)",
				);
				GCC_WARN_64_TO_32_BIT_CONVERSION = YES;
				GCC_WARN_ABOUT_RETURN_TYPE = YES_ERROR;
				GCC_WARN_UNDECLARED_SELECTOR = YES;
				GCC_WARN_UNINITIALIZED_AUTOS = YES_AGGRESSIVE;
				GCC_WARN_UNUSED_FUNCTION = YES;
				GCC_WARN_UNUSED_VARIABLE = YES;
				IPHONEOS_DEPLOYMENT_TARGET = 9.3;
				MTL_ENABLE_DEBUG_INFO = YES;
				ONLY_ACTIVE_ARCH = YES;
				SDKROOT = iphoneos;
				SWIFT_OPTIMIZATION_LEVEL = "-Onone";
				TARGETED_DEVICE_FAMILY = "1,2";
			};
			name = Debug;
		};
		EBA8F26C1CCF866B00BD7574 /* Release */ = {
			isa = XCBuildConfiguration;
			buildSettings = {
				ALWAYS_SEARCH_USER_PATHS = NO;
				CLANG_ANALYZER_NONNULL = YES;
				CLANG_CXX_LANGUAGE_STANDARD = "gnu++0x";
				CLANG_CXX_LIBRARY = "libc++";
				CLANG_ENABLE_MODULES = YES;
				CLANG_ENABLE_OBJC_ARC = YES;
				CLANG_WARN_BOOL_CONVERSION = YES;
				CLANG_WARN_CONSTANT_CONVERSION = YES;
				CLANG_WARN_DIRECT_OBJC_ISA_USAGE = YES_ERROR;
				CLANG_WARN_EMPTY_BODY = YES;
				CLANG_WARN_ENUM_CONVERSION = YES;
				CLANG_WARN_INT_CONVERSION = YES;
				CLANG_WARN_OBJC_ROOT_CLASS = YES_ERROR;
				CLANG_WARN_UNREACHABLE_CODE = YES;
				CLANG_WARN__DUPLICATE_METHOD_MATCH = YES;
				"CODE_SIGN_IDENTITY[sdk=iphoneos*]" = "iPhone Developer";
				COPY_PHASE_STRIP = NO;
				DEBUG_INFORMATION_FORMAT = "dwarf-with-dsym";
				ENABLE_NS_ASSERTIONS = NO;
				ENABLE_STRICT_OBJC_MSGSEND = YES;
				GCC_C_LANGUAGE_STANDARD = gnu99;
				GCC_NO_COMMON_BLOCKS = YES;
				GCC_WARN_64_TO_32_BIT_CONVERSION = YES;
				GCC_WARN_ABOUT_RETURN_TYPE = YES_ERROR;
				GCC_WARN_UNDECLARED_SELECTOR = YES;
				GCC_WARN_UNINITIALIZED_AUTOS = YES_AGGRESSIVE;
				GCC_WARN_UNUSED_FUNCTION = YES;
				GCC_WARN_UNUSED_VARIABLE = YES;
				IPHONEOS_DEPLOYMENT_TARGET = 9.3;
				MTL_ENABLE_DEBUG_INFO = NO;
				SDKROOT = iphoneos;
				TARGETED_DEVICE_FAMILY = "1,2";
				VALIDATE_PRODUCT = YES;
			};
			name = Release;
		};
		EBA8F26E1CCF866B00BD7574 /* Debug */ = {
			isa = XCBuildConfiguration;
			baseConfigurationReference = 70A19E24D53378F686A31DB2 /* Pods-Task.debug.xcconfig */;
			buildSettings = {
				ASSETCATALOG_COMPILER_APPICON_NAME = AppIcon;
				INFOPLIST_FILE = Task/Info.plist;
				LD_RUNPATH_SEARCH_PATHS = "$(inherited) @executable_path/Frameworks";
				PRODUCT_BUNDLE_IDENTIFIER = com.ParhelionSoftware.Task;
				PRODUCT_NAME = "$(TARGET_NAME)";
			};
			name = Debug;
		};
		EBA8F26F1CCF866B00BD7574 /* Release */ = {
			isa = XCBuildConfiguration;
			baseConfigurationReference = C2B71BC7F93844A30354E5B8 /* Pods-Task.release.xcconfig */;
			buildSettings = {
				ASSETCATALOG_COMPILER_APPICON_NAME = AppIcon;
				INFOPLIST_FILE = Task/Info.plist;
				LD_RUNPATH_SEARCH_PATHS = "$(inherited) @executable_path/Frameworks";
				PRODUCT_BUNDLE_IDENTIFIER = com.ParhelionSoftware.Task;
				PRODUCT_NAME = "$(TARGET_NAME)";
			};
			name = Release;
		};
/* End XCBuildConfiguration section */

/* Begin XCConfigurationList section */
		EBA8F2531CCF866B00BD7574 /* Build configuration list for PBXProject "Task" */ = {
			isa = XCConfigurationList;
			buildConfigurations = (
				EBA8F26B1CCF866B00BD7574 /* Debug */,
				EBA8F26C1CCF866B00BD7574 /* Release */,
			);
			defaultConfigurationIsVisible = 0;
			defaultConfigurationName = Release;
		};
		EBA8F26D1CCF866B00BD7574 /* Build configuration list for PBXNativeTarget "Task" */ = {
			isa = XCConfigurationList;
			buildConfigurations = (
				EBA8F26E1CCF866B00BD7574 /* Debug */,
				EBA8F26F1CCF866B00BD7574 /* Release */,
			);
			defaultConfigurationIsVisible = 0;
			defaultConfigurationName = Release;
		};
/* End XCConfigurationList section */

/* Begin XCVersionGroup section */
		EBA8F2621CCF866B00BD7574 /* Task.xcdatamodeld */ = {
			isa = XCVersionGroup;
			children = (
				EBA8F2631CCF866B00BD7574 /* Task.xcdatamodel */,
			);
			currentVersion = EBA8F2631CCF866B00BD7574 /* Task.xcdatamodel */;
			path = Task.xcdatamodeld;
			sourceTree = "<group>";
			versionGroupType = wrapper.xcdatamodel;
		};
/* End XCVersionGroup section */
	};
	rootObject = EBA8F2501CCF866B00BD7574 /* Project object */;
}
